
Microsoft Visual Studio Solution File, Format Version 12.00
# Visual Studio Version 17
VisualStudioVersion = 17.12.35527.113 d17.12
MinimumVisualStudioVersion = 10.0.40219.1
Project("{FAE04EC0-301F-11D3-BF4B-00C04F79EFBC}") = "SmartTravel.UserService", "SmartTravel.UserService\SmartTravel.UserService.csproj", "{2A02A34A-D987-4E8F-ADC6-9B805D252025}"
EndProject
Project("{FAE04EC0-301F-11D3-BF4B-00C04F79EFBC}") = "SmartTravel.BookingService", "SmartTravel.BookingService\SmartTravel.BookingService.csproj", "{14CDFC90-7615-4EA8-BA76-BD9AB05CDAAB}"
EndProject
Project("{FAE04EC0-301F-11D3-BF4B-00C04F79EFBC}") = "SmartTravel.PaymentService", "SmartTravel.PaymentService\SmartTravel.PaymentService.csproj", "{77C13605-4804-43E4-AFE6-9A89ED842332}"
EndProject
Project("{FAE04EC0-301F-11D3-BF4B-00C04F79EFBC}") = "SmartTravel.ItineraryService", "SmartTravel.ItineraryService\SmartTravel.ItineraryService.csproj", "{43451081-06DC-49EA-BC29-B16068941A04}"
EndProject
Project("{FAE04EC0-301F-11D3-BF4B-00C04F79EFBC}") = "SmartTravel.NotificationService", "SmartTravel.NotificationService\SmartTravel.NotificationService.csproj", "{65F698AF-8203-40F4-88AC-BD875CB65A2A}"
EndProject
Project("{FAE04EC0-301F-11D3-BF4B-00C04F79EFBC}") = "SmartTravel.AdminService", "SmartTravel.AdminService\SmartTravel.AdminService.csproj", "{A5908E1F-424F-40EE-89C0-85CCB1C3C25B}"
EndProject
Project("{FAE04EC0-301F-11D3-BF4B-00C04F79EFBC}") = "SmartTravel.Shared", "SmartTravel.Shared\SmartTravel.Shared.csproj", "{DD82B7C6-4EDE-4476-9F4E-095F5A2936CC}"
EndProject
Global
	GlobalSection(SolutionConfigurationPlatforms) = preSolution
		Debug|Any CPU = Debug|Any CPU
		Release|Any CPU = Release|Any CPU
	EndGlobalSection
	GlobalSection(ProjectConfigurationPlatforms) = postSolution
		{2A02A34A-D987-4E8F-ADC6-9B805D252025}.Debug|Any CPU.ActiveCfg = Debug|Any CPU
		{2A02A34A-D987-4E8F-ADC6-9B805D252025}.Debug|Any CPU.Build.0 = Debug|Any CPU
		{2A02A34A-D987-4E8F-ADC6-9B805D252025}.Release|Any CPU.ActiveCfg = Release|Any CPU
		{2A02A34A-D987-4E8F-ADC6-9B805D252025}.Release|Any CPU.Build.0 = Release|Any CPU
		{14CDFC90-7615-4EA8-BA76-BD9AB05CDAAB}.Debug|Any CPU.ActiveCfg = Debug|Any CPU
		{14CDFC90-7615-4EA8-BA76-BD9AB05CDAAB}.Debug|Any CPU.Build.0 = Debug|Any CPU
		{14CDFC90-7615-4EA8-BA76-BD9AB05CDAAB}.Release|Any CPU.ActiveCfg = Release|Any CPU
		{14CDFC90-7615-4EA8-BA76-BD9AB05CDAAB}.Release|Any CPU.Build.0 = Release|Any CPU
		{77C13605-4804-43E4-AFE6-9A89ED842332}.Debug|Any CPU.ActiveCfg = Debug|Any CPU
		{77C13605-4804-43E4-AFE6-9A89ED842332}.Debug|Any CPU.Build.0 = Debug|Any CPU
		{77C13605-4804-43E4-AFE6-9A89ED842332}.Release|Any CPU.ActiveCfg = Release|Any CPU
		{77C13605-4804-43E4-AFE6-9A89ED842332}.Release|Any CPU.Build.0 = Release|Any CPU
		{43451081-06DC-49EA-BC29-B16068941A04}.Debug|Any CPU.ActiveCfg = Debug|Any CPU
		{43451081-06DC-49EA-BC29-B16068941A04}.Debug|Any CPU.Build.0 = Debug|Any CPU
		{43451081-06DC-49EA-BC29-B16068941A04}.Release|Any CPU.ActiveCfg = Release|Any CPU
		{43451081-06DC-49EA-BC29-B16068941A04}.Release|Any CPU.Build.0 = Release|Any CPU
		{65F698AF-8203-40F4-88AC-BD875CB65A2A}.Debug|Any CPU.ActiveCfg = Debug|Any CPU
		{65F698AF-8203-40F4-88AC-BD875CB65A2A}.Debug|Any CPU.Build.0 = Debug|Any CPU
		{65F698AF-8203-40F4-88AC-BD875CB65A2A}.Release|Any CPU.ActiveCfg = Release|Any CPU
		{65F698AF-8203-40F4-88AC-BD875CB65A2A}.Release|Any CPU.Build.0 = Release|Any CPU
		{A5908E1F-424F-40EE-89C0-85CCB1C3C25B}.Debug|Any CPU.ActiveCfg = Debug|Any CPU
		{A5908E1F-424F-40EE-89C0-85CCB1C3C25B}.Debug|Any CPU.Build.0 = Debug|Any CPU
		{A5908E1F-424F-40EE-89C0-85CCB1C3C25B}.Release|Any CPU.ActiveCfg = Release|Any CPU
		{A5908E1F-424F-40EE-89C0-85CCB1C3C25B}.Release|Any CPU.Build.0 = Release|Any CPU
		{DD82B7C6-4EDE-4476-9F4E-095F5A2936CC}.Debug|Any CPU.ActiveCfg = Debug|Any CPU
		{DD82B7C6-4EDE-4476-9F4E-095F5A2936CC}.Debug|Any CPU.Build.0 = Debug|Any CPU
		{DD82B7C6-4EDE-4476-9F4E-095F5A2936CC}.Release|Any CPU.ActiveCfg = Release|Any CPU
		{DD82B7C6-4EDE-4476-9F4E-095F5A2936CC}.Release|Any CPU.Build.0 = Release|Any CPU
	EndGlobalSection
	GlobalSection(SolutionProperties) = preSolution
		HideSolutionNode = FALSE
	EndGlobalSection
EndGlobal
